{
  "version": "1.0.0",
  "lockfileVersion": 2,
  "workspaces": {
    "": {
      "name": "stacks",
      "dependencies": {
        "@stacksjs/actions": "^0.74.63",
        "@stacksjs/cache": "^0.74.63",
        "@stacksjs/calendar-api": "^0.74.63",
        "@stacksjs/datetime": "^0.74.63",
        "@stacksjs/env": "^0.74.63",
        "@stacksjs/forms": "^0.74.63",
        "@stacksjs/image": "^0.74.63",
        "@stacksjs/path": "^0.74.63",
        "pickier": "^0.1.65",
        "stacks": "^0.74.63"
      },
      "devDependencies": {
        "better-dx": "^0.2.25"
      },
      "system": {
        "bun.sh": "1.4.2",
        "curl.se": "^8.22.0",
        "git-scm.org": "^2.47.0",
        "sqlite.org": "^3.47.2"
      }
    },
    "storage/framework": {
      "name": "stacks-framework",
      "version": "0.74.60"
    }
  },
  "packages": {
    "@stacksjs/actions@0.74.63": {
      "name": "@stacksjs/actions",
      "version": "0.74.63",
      "source": "npm",
      "resolved": "https://registry.npmjs.org/@stacksjs/actions/-/actions-0.74.63.tgz",
      "integrity": "sha512-xFZWa6+6hmRIsaYXuE+BtLzZ+FUCEQf8B8h4zmCxTzyyeND9MvJy+nWnMGUQy3q0d+BtN/MnQ14ZRtAcrkA5mg==",
      "dependencies": {
        "@stacksjs/action-runner": "0.74.63",
        "@stacksjs/ai": "0.74.63",
        "@stacksjs/analytics": "0.74.63",
        "@stacksjs/api": "0.74.63",
        "@stacksjs/auth": "0.74.63",
        "@stacksjs/build": "0.74.63",
        "@stacksjs/bumpx": "^0.2.6",
        "@stacksjs/bunpress": "^0.2.8",
        "@stacksjs/cli": "0.74.63",
        "@stacksjs/cloud": "0.74.63",
        "@stacksjs/cms": "0.74.63",
        "@stacksjs/components": "^0.2.246",
        "@stacksjs/config": "0.74.63",
        "@stacksjs/database": "0.74.63",
        "@stacksjs/desktop-build": "0.74.63",
        "@stacksjs/dns": "0.74.63",
        "@stacksjs/enums": "0.74.63",
        "@stacksjs/env": "0.74.63",
        "@stacksjs/error-handling": "0.74.63",
        "@stacksjs/gitit": "^0.2.5",
        "@stacksjs/i18n": "0.74.63",
        "@stacksjs/image": "0.74.63",
        "@stacksjs/logging": "0.74.63",
        "@stacksjs/logsmith": "^0.2.3",
        "@stacksjs/orm": "0.74.63",
        "@stacksjs/path": "0.74.63",
        "@stacksjs/payments": "0.74.63",
        "@stacksjs/queue": "0.74.63",
        "@stacksjs/registry": "0.74.63",
        "@stacksjs/router": "0.74.63",
        "@stacksjs/rpx": "^0.11.54",
        "@stacksjs/scheduler": "0.74.63",
        "@stacksjs/search-engine": "0.74.63",
        "@stacksjs/security": "0.74.63",
        "@stacksjs/server": "0.74.63",
        "@stacksjs/sites": "0.74.63",
        "@stacksjs/storage": "0.74.63",
        "@stacksjs/strings": "0.74.63",
        "@stacksjs/stx": "^0.2.286",
        "@stacksjs/tlsx": "^0.13.19",
        "@stacksjs/ts-cloud": "^0.16.0",
        "@stacksjs/ts-md": "^0.1.1",
        "@stacksjs/tunnel": "0.74.63",
        "@stacksjs/types": "0.74.63",
        "@stacksjs/utils": "0.74.63",
        "@stacksjs/whois": "0.74.63",
        "bun-plugin-stx": "^0.2.286"
      },
      "peerDependencies": {
        "craft-native": ">=0.0.72",
        "pickier": "^0.1.58"
      },
      "optionalPeers": ["craft-native", "pickier"]
    },
    "@stacksjs/cache@0.74.63": {
      "name": "@stacksjs/cache",
      "version": "0.74.63",
      "source": "npm",
      "resolved": "https://registry.npmjs.org/@stacksjs/cache/-/cache-0.74.63.tgz",
      "integrity": "sha512-xeveZ5IGA/pvCf14dOnsnpcmk87RmJcSsycxuO5Vn/TxJvvXL0VMfcbX7/nuziBecJdFHGlkEBmQaCtAXd+npg==",
      "dependencies": {
        "@stacksjs/ts-cache": "^0.1.5"
      }
    },
    "@stacksjs/calendar-api@0.74.63": {
      "name": "@stacksjs/calendar-api",
      "version": "0.74.63",
      "source": "npm",
      "resolved": "https://registry.npmjs.org/@stacksjs/calendar-api/-/calendar-api-0.74.63.tgz",
      "integrity": "sha512-GuKQsKMNPTTpgpifzHvn2TviwGurtAaBte27jAZWL8FaUX/FZlkY+Vldt7ymZhvS/JtdaW6SlFhMyWAmRcknNw==",
      "dependencies": {
        "@stacksjs/datetime": "0.74.63",
        "@stacksjs/stx": "^0.2.286"
      }
    },
    "@stacksjs/datetime@0.74.63": {
      "name": "@stacksjs/datetime",
      "version": "0.74.63",
      "source": "npm",
      "resolved": "https://registry.npmjs.org/@stacksjs/datetime/-/datetime-0.74.63.tgz",
      "integrity": "sha512-YlnDNhf3mATuem96sM4xDYkAgfQXLHyCcoqJMgSenJO4oVWZpJPBGw8kcdLS/yflkwa9ZrJ3+5cRdAfbNDYJVw=="
    },
    "@stacksjs/env@0.74.63": {
      "name": "@stacksjs/env",
      "version": "0.74.63",
      "source": "npm",
      "resolved": "https://registry.npmjs.org/@stacksjs/env/-/env-0.74.63.tgz",
      "integrity": "sha512-qSLAbqP38E5oHVTG6ajIkoQ9QSq7FXEsHY6dwWbmaMTw6fMhgPwZpEgt3FkRv86bhJcP7CcK0xiARpqkv3U3UQ==",
      "dependencies": {
        "@stacksjs/path": "0.74.63"
      }
    },
    "@stacksjs/forms@0.74.63": {
      "name": "@stacksjs/forms",
      "version": "0.74.63",
      "source": "npm",
      "resolved": "https://registry.npmjs.org/@stacksjs/forms/-/forms-0.74.63.tgz",
      "integrity": "sha512-qsiqUhsKs4I5Ag3nOIa0LR8UPA5bN8M5606VH1+WIRgLoi8Vac7r04ouW8+g3B/qDBceP6Dx6/AC8lhdGzlM9g==",
      "dependencies": {
        "@stacksjs/config": "0.74.63",
        "@stacksjs/database": "0.74.63",
        "@stacksjs/logging": "0.74.63",
        "@stacksjs/notifications": "0.74.63"
      }
    },
    "@stacksjs/image@0.74.63": {
      "name": "@stacksjs/image",
      "version": "0.74.63",
      "source": "npm",
      "resolved": "https://registry.npmjs.org/@stacksjs/image/-/image-0.74.63.tgz",
      "integrity": "sha512-BHhvy8A/z3UTT979xtuxZ2eF+ncCShzOEX5IhoialKVA/XTmPlT+wkIJt3g6g9BotynMjRs5tcmC1dH74edMzw==",
      "dependencies": {
        "@stacksjs/types": "0.74.63",
        "ts-images": "^0.2.11"
      }
    },
    "@stacksjs/path@0.74.63": {
      "name": "@stacksjs/path",
      "version": "0.74.63",
      "source": "npm",
      "resolved": "https://registry.npmjs.org/@stacksjs/path/-/path-0.74.63.tgz",
      "integrity": "sha512-3RoBRFwDNXAeGwDSbl0XDcY3oTsJg8IHpUNFUJqk3qAj39HTLFAiZHGdkKZOnza66wN2k62+78zBl985i0PPSQ=="
    },
    "better-dx@0.2.25": {
      "name": "better-dx",
      "version": "0.2.25",
      "source": "npm",
      "resolved": "https://registry.npmjs.org/better-dx/-/better-dx-0.2.25.tgz",
      "integrity": "sha512-7GQ3EDXDwdZbpzwqWrOC2kzKkfw2Ptd30Bl1VlLS1SV82MvU5VIYXtGsRcJ5+6M17n9hQwGuT2TGEZEaWgZQaw==",
      "dependencies": {
        "@stacksjs/bumpx": "^0.2.14",
        "@stacksjs/bunpress": "^0.2.8",
        "@stacksjs/clapp": "^0.2.12",
        "@stacksjs/clarity": "^0.3.31",
        "@stacksjs/gitlint": "^0.1.7",
        "@stacksjs/logsmith": "^0.2.6",
        "@types/bun": "^1.3.14",
        "buddy-bot": "^0.10.5",
        "bun-git-hooks": "^0.3.2",
        "bun-plugin-dtsx": "^0.11.1",
        "bunfig": "^0.15.15",
        "pickier": "^0.1.40",
        "ts-error-handling": "^0.1.3",
        "typescript": "^7.0.2"
      }
    },
    "bun.sh@1.4.2": {
      "name": "bun.sh",
      "version": "1.4.2",
      "source": "pantry",
      "resolved": "registry:bun.sh@1.4.2"
    },
    "curl.se/ca-certs@2026.3.19": {
      "name": "curl.se/ca-certs",
      "version": "2026.3.19",
      "source": "pantry",
      "resolved": "registry:curl.se/ca-certs@2026.3.19"
    },
    "curl.se@8.22.0": {
      "name": "curl.se",
      "version": "8.22.0",
      "source": "pantry",
      "resolved": "registry:curl.se@8.22.0"
    },
    "facebook.com/zstd@1.5.7": {
      "name": "facebook.com/zstd",
      "version": "1.5.7",
      "source": "pantry",
      "resolved": "registry:facebook.com/zstd@1.5.7"
    },
    "git-scm.org@2.53.0": {
      "name": "git-scm.org",
      "version": "2.53.0",
      "source": "pantry",
      "resolved": "registry:git-scm.org@2.53.0"
    },
    "github.com/google/brotli@1.2.0": {
      "name": "github.com/google/brotli",
      "version": "1.2.0",
      "source": "pantry",
      "resolved": "registry:github.com/google/brotli@1.2.0"
    },
    "gnome.org/libxml2@2.13.9": {
      "name": "gnome.org/libxml2",
      "version": "2.13.9",
      "source": "pantry",
      "resolved": "registry:gnome.org/libxml2@2.13.9"
    },
    "gnu.org/gettext@1.0.0": {
      "name": "gnu.org/gettext",
      "version": "1.0.0",
      "source": "pantry",
      "resolved": "registry:gnu.org/gettext@1.0.0"
    },
    "gnu.org/libidn2@2.3.8": {
      "name": "gnu.org/libidn2",
      "version": "2.3.8",
      "source": "pantry",
      "resolved": "registry:gnu.org/libidn2@2.3.8"
    },
    "gnu.org/readline@8.3.0": {
      "name": "gnu.org/readline",
      "version": "8.3.0",
      "source": "pantry",
      "resolved": "registry:gnu.org/readline@8.3.0"
    },
    "invisible-island.net/ncurses@6.6.0": {
      "name": "invisible-island.net/ncurses",
      "version": "6.6.0",
      "source": "pantry",
      "resolved": "registry:invisible-island.net/ncurses@6.6.0"
    },
    "libexpat.github.io@2.8.5": {
      "name": "libexpat.github.io",
      "version": "2.8.5",
      "source": "pantry",
      "resolved": "registry:libexpat.github.io@2.8.5"
    },
    "lz4.org@1.10.0": {
      "name": "lz4.org",
      "version": "1.10.0",
      "source": "pantry",
      "resolved": "registry:lz4.org@1.10.0"
    },
    "nghttp2.org@1.70.0": {
      "name": "nghttp2.org",
      "version": "1.70.0",
      "source": "pantry",
      "resolved": "registry:nghttp2.org@1.70.0"
    },
    "openssl.org@3.6.4": {
      "name": "openssl.org",
      "version": "3.6.4",
      "source": "pantry",
      "resolved": "registry:openssl.org@3.6.4"
    },
    "perl.org@5.44.0": {
      "name": "perl.org",
      "version": "5.44.0",
      "source": "pantry",
      "resolved": "registry:perl.org@5.44.0"
    },
    "pickier@0.1.65": {
      "name": "pickier",
      "version": "0.1.65",
      "source": "npm",
      "resolved": "https://registry.npmjs.org/pickier/-/pickier-0.1.65.tgz",
      "integrity": "sha512-hpGKvrWwzzHeV3hMErtnZoGRD/5Wmvy9sKxxHAWvMMdmdzr2DMtuk2T8Vkr8ZoUCNeTKRRPgHTMHg0oCNxDnDA==",
      "dependencies": {
        "@stacksjs/clapp": "^0.2.3",
        "@stacksjs/clarity": "^0.3.24"
      },
      "bin": {
        "pickier": "./dist/bin/cli.js"
      }
    },
    "sqlite.org@3.53.4": {
      "name": "sqlite.org",
      "version": "3.53.4",
      "source": "pantry",
      "resolved": "registry:sqlite.org@3.53.4"
    },
    "stacks@0.74.63": {
      "name": "stacks",
      "version": "0.74.63",
      "source": "npm",
      "resolved": "https://registry.npmjs.org/stacks/-/stacks-0.74.63.tgz",
      "integrity": "sha512-NignG7L93/oDuKZrhzv8uS4hHYUjSOMG8YXV77Kr9DhgPKNijp8cS4JCtPdUKYm+VmnRMlbklRIC///k/ByL9Q==",
      "dependencies": {
        "@stacksjs/actions": "^0.74.63",
        "@stacksjs/ai": "^0.74.63",
        "@stacksjs/alias": "^0.74.63",
        "@stacksjs/analytics": "^0.74.63",
        "@stacksjs/api": "^0.74.63",
        "@stacksjs/arrays": "^0.74.63",
        "@stacksjs/audio": "^0.74.63",
        "@stacksjs/auth": "^0.74.63",
        "@stacksjs/browser": "^0.74.63",
        "@stacksjs/browser-extension": "^0.74.63",
        "@stacksjs/buddy": "^0.74.63",
        "@stacksjs/build": "^0.74.63",
        "@stacksjs/cache": "^0.74.63",
        "@stacksjs/calendar-api": "^0.74.63",
        "@stacksjs/charts": "^0.74.63",
        "@stacksjs/chat": "^0.74.63",
        "@stacksjs/cli": "^0.74.63",
        "@stacksjs/cloud": "^0.74.63",
        "@stacksjs/cms": "^0.74.63",
        "@stacksjs/collections": "^0.74.63",
        "@stacksjs/commerce": "^0.74.63",
        "@stacksjs/composables": "^0.74.63",
        "@stacksjs/config": "^0.74.63",
        "@stacksjs/cron": "^0.74.63",
        "@stacksjs/database": "^0.74.63",
        "@stacksjs/datetime": "^0.74.63",
        "@stacksjs/defaults": "^0.74.63",
        "@stacksjs/desktop": "^0.2.197",
        "@stacksjs/dns": "^0.74.63",
        "@stacksjs/docs": "^0.74.63",
        "@stacksjs/email": "^0.74.63",
        "@stacksjs/enums": "^0.74.63",
        "@stacksjs/env": "^0.74.63",
        "@stacksjs/error-handling": "^0.74.63",
        "@stacksjs/events": "^0.74.63",
        "@stacksjs/faker": "^0.74.63",
        "@stacksjs/feature-flags": "^0.74.63",
        "@stacksjs/git": "^0.74.63",
        "@stacksjs/github": "^0.74.63",
        "@stacksjs/health": "^0.74.63",
        "@stacksjs/http": "^0.74.63",
        "@stacksjs/i18n": "^0.74.63",
        "@stacksjs/image": "^0.74.63",
        "@stacksjs/lint": "^0.74.63",
        "@stacksjs/logging": "^0.74.63",
        "@stacksjs/mobile": "^0.74.63",
        "@stacksjs/newsletter": "^0.74.63",
        "@stacksjs/notifications": "^0.74.63",
        "@stacksjs/objects": "^0.74.63",
        "@stacksjs/orm": "^0.74.63",
        "@stacksjs/path": "^0.74.63",
        "@stacksjs/payments": "^0.74.63",
        "@stacksjs/push": "^0.74.63",
        "@stacksjs/query-builder": "^0.74.63",
        "@stacksjs/queue": "^0.74.63",
        "@stacksjs/realtime": "^0.74.63",
        "@stacksjs/registry": "^0.74.63",
        "@stacksjs/repl": "^0.74.63",
        "@stacksjs/router": "^0.74.63",
        "@stacksjs/scheduler": "^0.74.63",
        "@stacksjs/search-engine": "^0.74.63",
        "@stacksjs/security": "^0.74.63",
        "@stacksjs/server": "^0.74.63",
        "@stacksjs/shell": "^0.74.63",
        "@stacksjs/skills": "^0.74.63",
        "@stacksjs/slug": "^0.74.63",
        "@stacksjs/sms": "^0.74.63",
        "@stacksjs/socials": "^0.74.63",
        "@stacksjs/storage": "^0.74.63",
        "@stacksjs/strings": "^0.74.63",
        "@stacksjs/testing": "^0.74.63",
        "@stacksjs/tinker": "^0.74.63",
        "@stacksjs/tlsx": "^0.13.19",
        "@stacksjs/ts-cloud": "^0.16.0",
        "@stacksjs/tunnel": "^0.74.63",
        "@stacksjs/types": "^0.74.63",
        "@stacksjs/ui": "^0.74.63",
        "@stacksjs/utils": "^0.74.63",
        "@stacksjs/validation": "^0.74.63",
        "@stacksjs/video": "^0.74.63",
        "@stacksjs/whois": "^0.74.63",
        "bun-query-builder": "^0.2.70"
      }
    },
    "tukaani.org/xz@5.8.2": {
      "name": "tukaani.org/xz",
      "version": "5.8.2",
      "source": "pantry",
      "resolved": "registry:tukaani.org/xz@5.8.2"
    },
    "zlib.net@1.3.2": {
      "name": "zlib.net",
      "version": "1.3.2",
      "source": "pantry",
      "resolved": "registry:zlib.net@1.3.2"
    }
  }
}
